
Microsoft Visual Studio Solution File, Format Version 12.00
# Visual Studio 15
VisualStudioVersion = 15.0.28307.136
MinimumVisualStudioVersion = 10.0.40219.1
Project("{FAE04EC0-301F-11D3-BF4B-00C04F79EFBC}") = "DemoWebApp", "DemoWebApp\DemoWebApp.csproj", "{87031913-8103-48ED-92F1-0F204F0A8A01}"
EndProject
Global
	GlobalSection(SolutionConfigurationPlatforms) = preSolution
		Debug|Any CPU = Debug|Any CPU
		Release|Any CPU = Release|Any CPU
	EndGlobalSection
	GlobalSection(ProjectConfigurationPlatforms) = postSolution
		{87031913-8103-48ED-92F1-0F204F0A8A01}.Debug|Any CPU.ActiveCfg = Debug|Any CPU
		{87031913-8103-48ED-92F1-0F204F0A8A01}.Debug|Any CPU.Build.0 = Debug|Any CPU
		{87031913-8103-48ED-92F1-0F204F0A8A01}.Release|Any CPU.ActiveCfg = Release|Any CPU
		{87031913-8103-48ED-92F1-0F204F0A8A01}.Release|Any CPU.Build.0 = Release|Any CPU
	EndGlobalSection
	GlobalSection(SolutionProperties) = preSolution
		HideSolutionNode = FALSE
	EndGlobalSection
	GlobalSection(ExtensibilityGlobals) = postSolution
		SolutionGuid = {18EE0064-736F-4473-8BFB-5E143D6189BB}
	EndGlobalSection
EndGlobal
